
Microsoft Visual Studio Solution File, Format Version 12.00
# Visual Studio 14
VisualStudioVersion = 14.0.25420.1
MinimumVisualStudioVersion = 10.0.40219.1
Project("{2150E333-8FDC-42A3-9474-1A3956D46DE8}") = "0 Common", "0 Common", "{8B8FBCD8-9159-4F26-A452-EB2CEA886FA6}"
EndProject
Project("{2150E333-8FDC-42A3-9474-1A3956D46DE8}") = "1 Presentation", "1 Presentation", "{F8256AEB-8603-4845-A876-6F9987AD366F}"
EndProject
Project("{2150E333-8FDC-42A3-9474-1A3956D46DE8}") = "2 Service", "2 Service", "{E6886CAB-326C-416A-80A2-94AE55E1C5B4}"
EndProject
Project("{2150E333-8FDC-42A3-9474-1A3956D46DE8}") = "3 BLL", "3 BLL", "{CFF55000-EAC6-4959-A97E-17F001274BDC}"
EndProject
Project("{2150E333-8FDC-42A3-9474-1A3956D46DE8}") = "4 DAL", "4 DAL", "{B600BFBE-8C16-44D6-8627-9CFDD7006AA6}"
EndProject
Project("{2150E333-8FDC-42A3-9474-1A3956D46DE8}") = "5 Test", "5 Test", "{077B2B9E-C930-4554-850A-19749CA69BA6}"
EndProject
Project("{FAE04EC0-301F-11D3-BF4B-00C04F79EFBC}") = "OpenQbit.Inventory.Common.Models", "OpenQbit.Inventory.Common.Models\OpenQbit.Inventory.Common.Models.csproj", "{D31DDA99-E1EF-402D-ADE5-59B7ADC38922}"
EndProject
Project("{FAE04EC0-301F-11D3-BF4B-00C04F79EFBC}") = "OpenQbit.Inventory.DAL.DataAccess", "OpenQbit.Inventory.DAL.DataAccess\OpenQbit.Inventory.DAL.DataAccess.csproj", "{F0E7D06E-236D-4EEE-8876-F73F300A161D}"
EndProject
Project("{FAE04EC0-301F-11D3-BF4B-00C04F79EFBC}") = "OpenQbit.Inventory.DAL.DataAccess.Contr", "OpenQbit.Inventory.DAL.DataAccess.Contr\OpenQbit.Inventory.DAL.DataAccess.Contr.csproj", "{F63EA259-B2D9-45D9-A02D-75B387413687}"
EndProject
Project("{FAE04EC0-301F-11D3-BF4B-00C04F79EFBC}") = "OpenQbit.Inventory.Service.WebApi", "OpenQbit.Inventory.Service.WebApi\OpenQbit.Inventory.Service.WebApi.csproj", "{B78ADE12-B50D-43BC-AF33-623B6AB00B8A}"
EndProject
Project("{2150E333-8FDC-42A3-9474-1A3956D46DE8}") = "Utils", "Utils", "{33C7FFA7-7D22-4FB9-A3E0-45EE94885FD2}"
EndProject
Project("{FAE04EC0-301F-11D3-BF4B-00C04F79EFBC}") = "OpenQbit.Inventory.Common.Utils.Logs", "OpenQbit.Inventory.Common.Utils.Logs\OpenQbit.Inventory.Common.Utils.Logs.csproj", "{5E1F76E4-346A-4DC5-B662-B5C101BA420C}"
EndProject
Project("{FAE04EC0-301F-11D3-BF4B-00C04F79EFBC}") = "OpenQbit.Inventory.Common.Ioc", "OpenQbit.Inventory.Common.Ioc\OpenQbit.Inventory.Common.Ioc.csproj", "{502041AF-D1D8-48DC-A033-55EBD13C0A75}"
EndProject
Project("{FAE04EC0-301F-11D3-BF4B-00C04F79EFBC}") = "OpenQbit.Inventory.BLL.BusinessService", "OpenQbit.Inventory.BLL.BusinessService\OpenQbit.Inventory.BLL.BusinessService.csproj", "{D43B858D-C8D6-4369-8BE7-FCCA1521BC47}"
EndProject
Project("{FAE04EC0-301F-11D3-BF4B-00C04F79EFBC}") = "OpenQbit.Inventory.BLL.BusinessService.Contr", "OpenQbit.Inventory.BLL.BusinessService.Contr\OpenQbit.Inventory.BLL.BusinessService.Contr.csproj", "{070E24F3-8F4A-461E-8C0E-90085FB0A490}"
EndProject
Global
	GlobalSection(SolutionConfigurationPlatforms) = preSolution
		Debug|Any CPU = Debug|Any CPU
		Release|Any CPU = Release|Any CPU
	EndGlobalSection
	GlobalSection(ProjectConfigurationPlatforms) = postSolution
		{D31DDA99-E1EF-402D-ADE5-59B7ADC38922}.Debug|Any CPU.ActiveCfg = Debug|Any CPU
		{D31DDA99-E1EF-402D-ADE5-59B7ADC38922}.Debug|Any CPU.Build.0 = Debug|Any CPU
		{D31DDA99-E1EF-402D-ADE5-59B7ADC38922}.Release|Any CPU.ActiveCfg = Release|Any CPU
		{D31DDA99-E1EF-402D-ADE5-59B7ADC38922}.Release|Any CPU.Build.0 = Release|Any CPU
		{F0E7D06E-236D-4EEE-8876-F73F300A161D}.Debug|Any CPU.ActiveCfg = Debug|Any CPU
		{F0E7D06E-236D-4EEE-8876-F73F300A161D}.Debug|Any CPU.Build.0 = Debug|Any CPU
		{F0E7D06E-236D-4EEE-8876-F73F300A161D}.Release|Any CPU.ActiveCfg = Release|Any CPU
		{F0E7D06E-236D-4EEE-8876-F73F300A161D}.Release|Any CPU.Build.0 = Release|Any CPU
		{F63EA259-B2D9-45D9-A02D-75B387413687}.Debug|Any CPU.ActiveCfg = Debug|Any CPU
		{F63EA259-B2D9-45D9-A02D-75B387413687}.Debug|Any CPU.Build.0 = Debug|Any CPU
		{F63EA259-B2D9-45D9-A02D-75B387413687}.Release|Any CPU.ActiveCfg = Release|Any CPU
		{F63EA259-B2D9-45D9-A02D-75B387413687}.Release|Any CPU.Build.0 = Release|Any CPU
		{B78ADE12-B50D-43BC-AF33-623B6AB00B8A}.Debug|Any CPU.ActiveCfg = Debug|Any CPU
		{B78ADE12-B50D-43BC-AF33-623B6AB00B8A}.Debug|Any CPU.Build.0 = Debug|Any CPU
		{B78ADE12-B50D-43BC-AF33-623B6AB00B8A}.Release|Any CPU.ActiveCfg = Release|Any CPU
		{B78ADE12-B50D-43BC-AF33-623B6AB00B8A}.Release|Any CPU.Build.0 = Release|Any CPU
		{5E1F76E4-346A-4DC5-B662-B5C101BA420C}.Debug|Any CPU.ActiveCfg = Debug|Any CPU
		{5E1F76E4-346A-4DC5-B662-B5C101BA420C}.Debug|Any CPU.Build.0 = Debug|Any CPU
		{5E1F76E4-346A-4DC5-B662-B5C101BA420C}.Release|Any CPU.ActiveCfg = Release|Any CPU
		{5E1F76E4-346A-4DC5-B662-B5C101BA420C}.Release|Any CPU.Build.0 = Release|Any CPU
		{502041AF-D1D8-48DC-A033-55EBD13C0A75}.Debug|Any CPU.ActiveCfg = Debug|Any CPU
		{502041AF-D1D8-48DC-A033-55EBD13C0A75}.Debug|Any CPU.Build.0 = Debug|Any CPU
		{502041AF-D1D8-48DC-A033-55EBD13C0A75}.Release|Any CPU.ActiveCfg = Release|Any CPU
		{502041AF-D1D8-48DC-A033-55EBD13C0A75}.Release|Any CPU.Build.0 = Release|Any CPU
		{D43B858D-C8D6-4369-8BE7-FCCA1521BC47}.Debug|Any CPU.ActiveCfg = Debug|Any CPU
		{D43B858D-C8D6-4369-8BE7-FCCA1521BC47}.Debug|Any CPU.Build.0 = Debug|Any CPU
		{D43B858D-C8D6-4369-8BE7-FCCA1521BC47}.Release|Any CPU.ActiveCfg = Release|Any CPU
		{D43B858D-C8D6-4369-8BE7-FCCA1521BC47}.Release|Any CPU.Build.0 = Release|Any CPU
		{070E24F3-8F4A-461E-8C0E-90085FB0A490}.Debug|Any CPU.ActiveCfg = Debug|Any CPU
		{070E24F3-8F4A-461E-8C0E-90085FB0A490}.Debug|Any CPU.Build.0 = Debug|Any CPU
		{070E24F3-8F4A-461E-8C0E-90085FB0A490}.Release|Any CPU.ActiveCfg = Release|Any CPU
		{070E24F3-8F4A-461E-8C0E-90085FB0A490}.Release|Any CPU.Build.0 = Release|Any CPU
	EndGlobalSection
	GlobalSection(SolutionProperties) = preSolution
		HideSolutionNode = FALSE
	EndGlobalSection
	GlobalSection(NestedProjects) = preSolution
		{D31DDA99-E1EF-402D-ADE5-59B7ADC38922} = {8B8FBCD8-9159-4F26-A452-EB2CEA886FA6}
		{F0E7D06E-236D-4EEE-8876-F73F300A161D} = {B600BFBE-8C16-44D6-8627-9CFDD7006AA6}
		{F63EA259-B2D9-45D9-A02D-75B387413687} = {B600BFBE-8C16-44D6-8627-9CFDD7006AA6}
		{B78ADE12-B50D-43BC-AF33-623B6AB00B8A} = {E6886CAB-326C-416A-80A2-94AE55E1C5B4}
		{33C7FFA7-7D22-4FB9-A3E0-45EE94885FD2} = {8B8FBCD8-9159-4F26-A452-EB2CEA886FA6}
		{5E1F76E4-346A-4DC5-B662-B5C101BA420C} = {33C7FFA7-7D22-4FB9-A3E0-45EE94885FD2}
		{502041AF-D1D8-48DC-A033-55EBD13C0A75} = {8B8FBCD8-9159-4F26-A452-EB2CEA886FA6}
		{D43B858D-C8D6-4369-8BE7-FCCA1521BC47} = {CFF55000-EAC6-4959-A97E-17F001274BDC}
		{070E24F3-8F4A-461E-8C0E-90085FB0A490} = {CFF55000-EAC6-4959-A97E-17F001274BDC}
	EndGlobalSection
EndGlobal
